github.com/brentp/intintmap v0.0.0-20190211203843-30dc0ade9af9 h1:/G0ghZwrhou0Wq21qc1vXXMm/t/aKWkALWwITptKbE0=
github.com/brentp/intintmap v0.0.0-20190211203843-30dc0ade9af9/go.mod h1:TOk10ahXejq9wkEaym3KPRNeuR/h5Jx+s8QRWIa2oTM=
github.com/cespare/xxhash v1.1.0 h1:a6HrQnmkObjyL+Gs60czilIUGqrzKutQD6XZog3p+ko=
github.com/cespare/xxhash/v2 v2.2.0 h1:DC2CZ1Ep5Y4k3ZQ899DldepgrayRUGE6BBZ/cd9Cj44=
github.com/cespare/xxhash/v2 v2.2.0/go.mod h1:VGX0DQ3Q6kWi7AoAeZDth3/j3BFtOZR5XLFGgcrjCOs=
github.com/cespare/xxhash/v2 v2.3.0 h1:UL815xU9SqsFlibzuggzjXhog7bL6oX9BbNZnL2UFvs=
github.com/cespare/xxhash/v2 v2.3.0/go.mod h1:VGX0DQ3Q6kWi7AoAeZDth3/j3BFtOZR5XLFGgcrjCOs=
github.com/chewxy/math32 v1.10.1 h1:LFpeY0SLJXeaiej/eIp2L40VYfscTvKh/FSEZ68uMkU=
github.com/chewxy/math32 v1.10.1/go.mod h1:dOB2rcuFrCn6UHrze36WSLVPKtzPMRAQvBvUwkSsLqs=
github.com/davecgh/go-spew v1.1.0/go.mod h1:J7Y8YcW2NihsgmVo/mv3lAwl/skON4iLHjSsI+c5H38=
github.com/davecgh/go-spew v1.1.1 h1:vj9j/u1bqnvCEfJOwUhtlOARqs3+rkHYY13jYWTU97c=
github.com/davecgh/go-spew v1.1.1/go.mod h1:J7Y8YcW2NihsgmVo/mv3lAwl/skON4iLHjSsI+c5H38=
github.com/df-mc/atomic v1.10.0 h1:0ZuxBKwR/hxcFGorKiHIp+hY7hgY+XBTzhCYD2NqSEg=
github.com/df-mc/atomic v1.10.0/go.mod h1:Gw9rf+rPIbydMjA329Jn4yjd/O2c/qusw3iNp4tFGSc=
github.com/df-mc/dragonfly v0.9.14 h1:P/OiPsOXJPQfetXQUgxL0N/KVMvHTZcaYR2N42Z6s2s=
github.com/df-mc/dragonfly v0.9.14/go.mod h1:11IhZadCX+oe+wyAB7AoimbrUDBAC1gFCJ/9T5AjE60=
github.com/df-mc/dragonfly v0.9.15 h1:f76x7IySakQEOANOSXDxPp4dsxNHMEBsu0/ESFO45cI=
github.com/df-mc/dragonfly v0.9.15/go.mod h1:11IhZadCX+oe+wyAB7AoimbrUDBAC1gFCJ/9T5AjE60=
github.com/df-mc/dragonfly v0.9.16-0.20240401144214-55fee47d6033 h1:RciW6vBYryFpsLtNbgzLGzaUxJLcWh6YZGqtYkRAnGk=
github.com/df-mc/dragonfly v0.9.16-0.20240401144214-55fee47d6033/go.mod h1:11IhZadCX+oe+wyAB7AoimbrUDBAC1gFCJ/9T5AjE60=
github.com/df-mc/dragonfly v0.9.16-0.20240429014602-97fdfe269e3c h1:5J/hX2FqvC01kgLHL43Mlr8WPwVQrg6TJN6LZci5HwQ=
github.com/df-mc/dragonfly v0.9.16-0.20240429014602-97fdfe269e3c/go.mod h1:XCb3PNVMz+uv7v6UVovu3ve3qkvhIFtt9wG+OzUnE6g=
github.com/df-mc/goleveldb v1.1.9 h1:ihdosZyy5jkQKrxucTQmN90jq/2lUwQnJZjIYIC/9YU=
github.com/df-mc/goleveldb v1.1.9/go.mod h1:+NHCup03Sci5q84APIA21z3iPZCuk6m6ABtg4nANCSk=
github.com/df-mc/worldupgrader v1.0.12 h1:Ry6XkcwclSMfRPdiwcfSFRWqTkVglu0u3oLd0X2CxZ4=
github.com/df-mc/worldupgrader v1.0.12/go.mod h1:tsSOLTRm9mpG7VHvYpAjjZrkRHWmSbKZAm9bOLNnlDk=
github.com/df-mc/worldupgrader v1.0.13 h1:97oSr83cHvU2j7iA7iPG6e+wWoGRCQ15c0H1U3q+bVM=
github.com/df-mc/worldupgrader v1.0.13/go.mod h1:tsSOLTRm9mpG7VHvYpAjjZrkRHWmSbKZAm9bOLNnlDk=
github.com/df-mc/worldupgrader v1.0.14 h1:pDt4Pk5OwOBshJjATP8zbY/8cuGGO3JVrCEkmNe/fBQ=
github.com/df-mc/worldupgrader v1.0.14/go.mod h1:tsSOLTRm9mpG7VHvYpAjjZrkRHWmSbKZAm9bOLNnlDk=
github.com/disgoorg/disgo v0.17.2 h1:RxiLq8guMtk+9tArFwve02iya2APQ9yZVtV30ySKNtw=
github.com/disgoorg/disgo v0.17.2/go.mod h1:8r3h9fXSz7BbACxLPsPbtB6LX8gaQFUETgPKV/0gAKQ=
github.com/disgoorg/json v1.1.0 h1:7xigHvomlVA9PQw9bMGO02PHGJJPqvX5AnwlYg/Tnys=
github.com/disgoorg/json v1.1.0/go.mod h1:BHDwdde0rpQFDVsRLKhma6Y7fTbQKub/zdGO5O9NqqA=
github.com/disgoorg/snowflake/v2 v2.0.1 h1:CuUxGLwggUxEswZOmZ+mZ5i0xSumQdXW9tXW7uGqe+0=
github.com/disgoorg/snowflake/v2 v2.0.1/go.mod h1:SPU9c2CNn5DSyb86QcKtdZgix9osEtKrHLW4rMhfLCs=
github.com/elliotchance/orderedmap/v2 v2.2.0 h1:7/2iwO98kYT4XkOjA9mBEIwvi4KpGB4cyHeOFOnj4Vk=
github.com/elliotchance/orderedmap/v2 v2.2.0/go.mod h1:85lZyVbpGaGvHvnKa7Qhx7zncAdBIBq6u56Hb1PRU5Q=
github.com/ethaniccc/float32-cube v0.0.0-20230113135104-a65c4cb545c8 h1:cdvxuwQ3kS23Hb2Zb7EoHeDM8IMs64C2B8ZpCkVRlp4=
github.com/ethaniccc/float32-cube v0.0.0-20230113135104-a65c4cb545c8/go.mod h1:xBh0GYHZ5yHg3YvvUGriGLSAlm7YW2S9SRULstdLZLk=
github.com/fsnotify/fsnotify v1.4.7/go.mod h1:jwhsz4b93w/PPRr/qN1Yymfu8t87LnFCMoQvtojpjFo=
github.com/gameparrot/tedac-raknet v0.0.1 h1:lsQGhvMdShBCv1ZbTmrZZ1d3MgpxFdgZlN6SjX/TnHM=
github.com/gameparrot/tedac-raknet v0.0.1/go.mod h1:vT0+qrD5NHYW9OElUncfIRT0brTgJhxyaozMZyjL2Zc=
github.com/getsentry/sentry-go v0.27.0 h1:Pv98CIbtB3LkMWmXi4Joa5OOcwbmnX88sF5qbK3r3Ps=
github.com/getsentry/sentry-go v0.27.0/go.mod h1:lc76E2QywIyW8WuBnwl8Lc4bkmQH4+w1gwTf25trprY=
github.com/go-echarts/go-echarts/v2 v2.2.3 h1:H8oPdUpzuiV2K8S4xYZa1JRNjP3U0h7HVqvhPrmCk1A=
github.com/go-echarts/go-echarts/v2 v2.2.3/go.mod h1:6TOomEztzGDVDkOSCFBq3ed7xOYfbOqhaBzD0YV771A=
github.com/go-echarts/statsview v0.3.4 h1:CCuytRAutdnF901NrR4BzSjHXjUp8OyA3/iopgG/1/Y=
github.com/go-echarts/statsview v0.3.4/go.mod h1:AehKjL9cTFMeIo5QdV8sQO43vFmfY65X5GMWa3XMciY=
github.com/go-errors/errors v1.4.2 h1:J6MZopCL4uSllY1OfXM374weqZFFItUbrImctkmUxIA=
github.com/go-errors/errors v1.4.2/go.mod h1:sIVyrIiJhuEF+Pj9Ebtd6P/rEYROXFi3BopGUQ5a5Og=
github.com/go-gl/mathgl v1.1.0 h1:0lzZ+rntPX3/oGrDzYGdowSLC2ky8Osirvf5uAwfIEA=
github.com/go-gl/mathgl v1.1.0/go.mod h1:yhpkQzEiH9yPyxDUGzkmgScbaBVlhC06qodikEM0ZwQ=
github.com/go-jose/go-jose/v3 v3.0.1 h1:pWmKFVtt+Jl0vBZTIpz/eAKwsm6LkIxDVVbFHKkchhA=
github.com/go-jose/go-jose/v3 v3.0.1/go.mod h1:RNkWWRld676jZEYoV3+XK8L2ZnNSvIsxFMht0mSX+u8=
github.com/go-jose/go-jose/v3 v3.0.3 h1:fFKWeig/irsp7XD2zBxvnmA/XaRWp5V3CBsZXJF7G7k=
github.com/go-jose/go-jose/v3 v3.0.3/go.mod h1:5b+7YgP7ZICgJDBdfjZaIt+H/9L9T/YQrVfLAMboGkQ=
github.com/golang/protobuf v1.2.0/go.mod h1:6lQm79b+lXiMfvg/cZm0SGofjICqVBUtrP5yJMmIC1U=
github.com/golang/protobuf v1.5.0/go.mod h1:FsONVRAS9T7sI+LIUmWTfcYkHO4aIWwzhcaSAoJOfIk=
github.com/golang/protobuf v1.5.2/go.mod h1:XVQd3VNwM+JqD3oG2Ue2ip4fOMUkwXdXDdiuN0vRsmY=
github.com/golang/protobuf v1.5.3 h1:KhyjKVUg7Usr/dYsdSqoFveMYd5ko72D+zANwlG1mmg=
github.com/golang/protobuf v1.5.3/go.mod h1:XVQd3VNwM+JqD3oG2Ue2ip4fOMUkwXdXDdiuN0vRsmY=
github.com/golang/protobuf v1.5.4 h1:i7eJL8qZTpSEXOPTxNKhASYpMn+8e5Q6AdndVa1dWek=
github.com/golang/protobuf v1.5.4/go.mod h1:lnTiLA8Wa4RWRcIUkrtSVa5nRhsEGBg48fD6rSs7xps=
github.com/golang/snappy v0.0.1/go.mod h1:/XxbfmMg8lxefKM7IXC3fBNl/7bRcc72aCRzEWrmP2Q=
github.com/golang/snappy v0.0.4 h1:yAGX7huGHXlcLOEtBnF4w7FQwA26wojNCwOYAEhLjQM=
github.com/golang/snappy v0.0.4/go.mod h1:/XxbfmMg8lxefKM7IXC3fBNl/7bRcc72aCRzEWrmP2Q=
github.com/google/go-cmp v0.5.0/go.mod h1:v8dTdLbMG2kIc/vJvl+f65V22dbkXbowE6jgT/gNBxE=
github.com/google/go-cmp v0.5.5/go.mod h1:v8dTdLbMG2kIc/vJvl+f65V22dbkXbowE6jgT/gNBxE=
github.com/google/go-cmp v0.5.9 h1:O2Tfq5qg4qc4AmwVlvv0oLiVAGB7enBSJ2x2DqQFi38=
github.com/google/go-cmp v0.5.9/go.mod h1:17dUlkBOakJ0+DkrSSNjCkIjxS6bF9zb3elmeNGIjoY=
github.com/google/uuid v1.6.0 h1:NIvaJDMOsjHA8n1jAhLSgzrAzy1Hgr+hNrb57e+94F0=
github.com/google/uuid v1.6.0/go.mod h1:TIyPZe4MgqvfeYDBFedMoGGpEw/LqOeaOT+nhxU+yHo=
github.com/gorilla/websocket v1.5.1 h1:gmztn0JnHVt9JZquRuzLw3g4wouNVzKL15iLr/zn/QY=
github.com/gorilla/websocket v1.5.1/go.mod h1:x3kM2JMyaluk02fnUJpQuwD2dCS5NDG2ZHL0uE0tcaY=
github.com/hpcloud/tail v1.0.0 h1:nfCOvKYfkgYP8hkirhJocXT2+zOD8yUNjXaWfTlyFKI=
github.com/hpcloud/tail v1.0.0/go.mod h1:ab1qPbhIpdTxEkNHXyeSf5vhxWSCs/tWer42PpOxQnU=
github.com/klauspost/compress v1.13.6/go.mod h1:/3/Vjq9QcHkK5uEr5lBEmyoZ1iFhe47etQ6QUkpK6sk=
github.com/klauspost/compress v1.17.6 h1:60eq2E/jlfwQXtvZEeBUYADs+BwKBWURIY+Gj2eRGjI=
github.com/klauspost/compress v1.17.6/go.mod h1:/dCuZOvVtNoHsyb+cuJD3itjs3NbnF6KH9zAO4BDxPM=
github.com/klauspost/compress v1.17.7 h1:ehO88t2UGzQK66LMdE8tibEd1ErmzZjNEqWkjLAKQQg=
github.com/klauspost/compress v1.17.7/go.mod h1:Di0epgTjJY877eYKx5yC51cX2A2Vl2ibi7bDH9ttBbw=
github.com/klauspost/compress v1.17.8 h1:YcnTYrq7MikUT7k0Yb5eceMmALQPYBW/Xltxn0NAMnU=
github.com/klauspost/compress v1.17.8/go.mod h1:Di0epgTjJY877eYKx5yC51cX2A2Vl2ibi7bDH9ttBbw=
github.com/kr/pretty v0.1.0/go.mod h1:dAy3ld7l9f0ibDNOQOHHMYYIIbhfbHSm3C4ZsoJORNo=
github.com/kr/pty v1.1.1/go.mod h1:pFQYn66WHrOpPYNljwOMqo10TkYh1fy3cYio2l3bCsQ=
github.com/kr/text v0.1.0/go.mod h1:4Jbv+DJW3UT/LiOwJeYQe1efqtUx/iVham/4vfdArNI=
github.com/muhammadmuzzammil1998/jsonc v1.0.0 h1:8o5gBQn4ZA3NBA9DlTujCj2a4w0tqWrPVjDwhzkgTIs=
github.com/muhammadmuzzammil1998/jsonc v1.0.0/go.mod h1:saF2fIVw4banK0H4+/EuqfFLpRnoy5S+ECwTOCcRcSU=
github.com/onsi/ginkgo v1.6.0/go.mod h1:lLunBs/Ym6LB5Z9jYTR76FiuTmxDTDusOGeTQH+WWjE=
github.com/onsi/ginkgo v1.7.0 h1:WSHQ+IS43OoUrWtD1/bbclrwK8TTH5hzp+umCiuxHgs=
github.com/onsi/ginkgo v1.7.0/go.mod h1:lLunBs/Ym6LB5Z9jYTR76FiuTmxDTDusOGeTQH+WWjE=
github.com/onsi/gomega v1.4.3 h1:RE1xgDvH7imwFD45h+u2SgIfERHlS2yNG4DObb5BSKU=
github.com/onsi/gomega v1.4.3/go.mod h1:ex+gbHU/CVuBBDIJjb2X0qEXbFg53c61hWP/1CpauHY=
github.com/oomph-ac/dragonfly v0.0.0-20240207223737-96dfd1fafe9e h1:VU9JdgbDZ39wAnPT59woIYv8Cg0Olvx8EiLyY/PsZUg=
github.com/oomph-ac/dragonfly v0.0.0-20240207223737-96dfd1fafe9e/go.mod h1:Ebuz+qq3GTew+n0aDOZKuFyre/jPznDErbv8zQW6Heo=
github.com/oomph-ac/gophertunnel v0.0.0-20240219031042-fda52b6b0578 h1:Y3U6Rm718ORjFVPa/zv4PKepLbJOWg2/tQrEjUXmKG4=
github.com/oomph-ac/gophertunnel v0.0.0-20240219031042-fda52b6b0578/go.mod h1:FFeHZzSOXe1LAEVTwwarCIsbzLVDdDhEfJ5WcSpqWnA=
github.com/oomph-ac/gophertunnel v0.0.0-20240314224747-3cc8fc453ac5 h1:G2FJC4XYVw1w0eNfZ2YjIX3/pvWk9gsPstv2BuQsZig=
github.com/oomph-ac/gophertunnel v0.0.0-20240314224747-3cc8fc453ac5/go.mod h1:FFeHZzSOXe1LAEVTwwarCIsbzLVDdDhEfJ5WcSpqWnA=
github.com/oomph-ac/gophertunnel v0.0.0-20240420040852-e172e80ee83a h1:1/HyIUqBWmzT0P2RK5Y0+Gb5jqFiPJkscmmFlnvri5c=
github.com/oomph-ac/gophertunnel v0.0.0-20240420040852-e172e80ee83a/go.mod h1:FFeHZzSOXe1LAEVTwwarCIsbzLVDdDhEfJ5WcSpqWnA=
github.com/oomph-ac/gophertunnel v0.0.0-20240420151033-e21d2ebf47e3 h1:sP4oL2JZhD/cfj79OQnon7oEmfRHpowBbFgsL5cVQJ0=
github.com/oomph-ac/gophertunnel v0.0.0-20240420151033-e21d2ebf47e3/go.mod h1:LL3TNbW9TSidU217cSpN3tnXZ1DXdUp07DKmXQ7mQYs=
github.com/oomph-ac/gophertunnel v0.0.0-20240429165140-e313c99b6ecf h1:H+z976bCC2krqpFfLp+D1cDkEna7gOBlZgkqclS0pgw=
github.com/oomph-ac/gophertunnel v0.0.0-20240429165140-e313c99b6ecf/go.mod h1:LL3TNbW9TSidU217cSpN3tnXZ1DXdUp07DKmXQ7mQYs=
github.com/oomph-ac/gophertunnel v0.0.0-20240430004621-705be7918cbb h1:AGotUHojmdDW6vwDyttCJTp6chROOO5TcsrbU30lCao=
github.com/oomph-ac/gophertunnel v0.0.0-20240430004621-705be7918cbb/go.mod h1:LL3TNbW9TSidU217cSpN3tnXZ1DXdUp07DKmXQ7mQYs=
github.com/oomph-ac/mv v0.0.0-20240210123432-1cb78e0dd37d h1:o/y+ACx72GrnviQKCn48g61m+Eawxb7m9WautuJ5mBc=
github.com/oomph-ac/mv v0.0.0-20240210123432-1cb78e0dd37d/go.mod h1:QYLCOPIpWVWCJI2/yRDAj8KdMSN7c3bStwNInqdMBNs=
github.com/oomph-ac/mv v0.0.0-20240417205309-0b44fb02a8a9 h1:ruxwKLCC6kGKGhdEAOFw+K7G3VhmiCtRuc06btp0Hdk=
github.com/oomph-ac/mv v0.0.0-20240417205309-0b44fb02a8a9/go.mod h1:pB9pUgMOOiuTvSc0BJCFoU81ZOORFk70sFHnuBIcyw4=
github.com/oomph-ac/mv v0.0.0-20240417211044-2a086f9c0ad5 h1:gbN2+TYfsmf0v+PgA15yNxqXpbmvdX2ium+BlM94UR4=
github.com/oomph-ac/mv v0.0.0-20240417211044-2a086f9c0ad5/go.mod h1:pB9pUgMOOiuTvSc0BJCFoU81ZOORFk70sFHnuBIcyw4=
github.com/oomph-ac/mv v0.0.0-20240417211313-4cabe6709fcd h1:9AR7I3VTTqg7fHAGTTpvSV/stMmyYBHJZqQMWyff8Do=
github.com/oomph-ac/mv v0.0.0-20240417211313-4cabe6709fcd/go.mod h1:pB9pUgMOOiuTvSc0BJCFoU81ZOORFk70sFHnuBIcyw4=
github.com/oomph-ac/mv v0.0.0-20240417213727-656d1da88c0a h1:u1xCKCxH9OJhP/uPwoXhGhG/pF/o8sQQRxEw//0auO0=
github.com/oomph-ac/mv v0.0.0-20240417213727-656d1da88c0a/go.mod h1:pB9pUgMOOiuTvSc0BJCFoU81ZOORFk70sFHnuBIcyw4=
github.com/oomph-ac/mv v0.0.0-20240417214631-5140cc2509bc h1:8KuFdDXZyhSymkjV+z4k8daEtXh2Y2FHtminqjg3SuY=
github.com/oomph-ac/mv v0.0.0-20240417214631-5140cc2509bc/go.mod h1:pB9pUgMOOiuTvSc0BJCFoU81ZOORFk70sFHnuBIcyw4=
github.com/oomph-ac/mv v0.0.0-20240417215820-cf9a71167f54 h1:Td+MGcO8vUnf6kLNZ0kNDqIeVW2GQ8zVASiK/h13yh0=
github.com/oomph-ac/mv v0.0.0-20240417215820-cf9a71167f54/go.mod h1:pB9pUgMOOiuTvSc0BJCFoU81ZOORFk70sFHnuBIcyw4=
github.com/oomph-ac/mv v0.0.0-20240417215908-df27a1605ca5 h1:xAVtWDPhGppPXZhQpxIFN3VDrV08gDH4+3NCRIi4rQU=
github.com/oomph-ac/mv v0.0.0-20240417215908-df27a1605ca5/go.mod h1:pB9pUgMOOiuTvSc0BJCFoU81ZOORFk70sFHnuBIcyw4=
github.com/oomph-ac/mv v0.0.0-20240417220151-66fa8348eca4 h1:CnXJ+7o2Zx/8J3jDL2tTMPJBrgYKxigNx5V+TVZVfSQ=
github.com/oomph-ac/mv v0.0.0-20240417220151-66fa8348eca4/go.mod h1:pB9pUgMOOiuTvSc0BJCFoU81ZOORFk70sFHnuBIcyw4=
github.com/oomph-ac/mv v0.0.0-20240417220516-daf978aae3af h1:YyjF0cZ08sND3zPyqB/dmJWGf63+FLx7hLH+sm3GyE0=
github.com/oomph-ac/mv v0.0.0-20240417220516-daf978aae3af/go.mod h1:pB9pUgMOOiuTvSc0BJCFoU81ZOORFk70sFHnuBIcyw4=
github.com/oomph-ac/mv v0.0.0-20240418000052-966d17d56c2c h1:ieNMN9UyljHm7GtNPUPJvjgHvAcJhaUGkeLJVZzVvM8=
github.com/oomph-ac/mv v0.0.0-20240418000052-966d17d56c2c/go.mod h1:pB9pUgMOOiuTvSc0BJCFoU81ZOORFk70sFHnuBIcyw4=
github.com/oomph-ac/mv v0.0.0-20240420213747-7a231ea9f5d1 h1:BylJamwX2qOA8vdKIVh8Ds8ZTsmRBzdQgdqTltYOiqU=
github.com/oomph-ac/mv v0.0.0-20240420213747-7a231ea9f5d1/go.mod h1:pB9pUgMOOiuTvSc0BJCFoU81ZOORFk70sFHnuBIcyw4=
github.com/oomph-ac/mv v0.0.0-20240420214856-7857a88fc881 h1:DbtZzqqpPUozccfouFhitftqmBBMgjvgbeLqi0BS9g4=
github.com/oomph-ac/mv v0.0.0-20240420214856-7857a88fc881/go.mod h1:pB9pUgMOOiuTvSc0BJCFoU81ZOORFk70sFHnuBIcyw4=
github.com/oomph-ac/mv v0.0.0-20240421020356-2911eb43ba74 h1:uvbI1soAuIyWwePqXYVptVOz+YRmGEqVZ5OaoRHIR+Q=
github.com/oomph-ac/mv v0.0.0-20240421020356-2911eb43ba74/go.mod h1:pB9pUgMOOiuTvSc0BJCFoU81ZOORFk70sFHnuBIcyw4=
github.com/oomph-ac/mv v0.0.0-20240422040945-74533a2d8e5a h1:RuPHfr/0t7KnaoDyv6kdyc/Po/xqNu+jKOio3dBV/0Q=
github.com/oomph-ac/mv v0.0.0-20240422040945-74533a2d8e5a/go.mod h1:pB9pUgMOOiuTvSc0BJCFoU81ZOORFk70sFHnuBIcyw4=
github.com/oomph-ac/mv v0.0.0-20240430205122-1f40d1e2cfbb h1:U3JpjOpLy6rbDYhQAY5trPLCUp/UAyZvgpEB+Iy1PrY=
github.com/oomph-ac/mv v0.0.0-20240430205122-1f40d1e2cfbb/go.mod h1:5qtpbMnKiVUudIhUzv156ctNbGDNrMIu2fsoPL3PM90=
github.com/oomph-ac/mv v0.0.0-20240430222644-54c4e74fd6c5 h1:pzdkI5Aw7E1pRGGw/AU7TQcZazGbXl02Clwl1mkx0ac=
github.com/oomph-ac/mv v0.0.0-20240430222644-54c4e74fd6c5/go.mod h1:5qtpbMnKiVUudIhUzv156ctNbGDNrMIu2fsoPL3PM90=
github.com/oomph-ac/mv v0.0.0-20240430223750-ed4f808719ab h1:c9eCsHnhNkbZ0KYVOXM+v9Dl2db7K0gv0jONH5nXvJw=
github.com/oomph-ac/mv v0.0.0-20240430223750-ed4f808719ab/go.mod h1:5qtpbMnKiVUudIhUzv156ctNbGDNrMIu2fsoPL3PM90=
github.com/oomph-ac/mv v0.0.0-20240501005951-92f210ef67a3 h1:CDlm8p0N89km1kh06+Q5A2HFDmevN+9kqgj9tspao48=
github.com/oomph-ac/mv v0.0.0-20240501005951-92f210ef67a3/go.mod h1:5qtpbMnKiVUudIhUzv156ctNbGDNrMIu2fsoPL3PM90=
github.com/oomph-ac/mv v0.0.0-20240501010042-ff4a4df8b2e1 h1:8OTPCRk7FtkgJbGapx+AnJO56J9gtJuqB+GPzSBVqHg=
github.com/oomph-ac/mv v0.0.0-20240501010042-ff4a4df8b2e1/go.mod h1:5qtpbMnKiVUudIhUzv156ctNbGDNrMIu2fsoPL3PM90=
github.com/oomph-ac/mv v0.0.0-20240501013258-1abd98f566ab h1:fnQjDYpLxgQxb2ET08yiqsXc6r7pGRxYbAOEE2QBPmI=
github.com/oomph-ac/mv v0.0.0-20240501013258-1abd98f566ab/go.mod h1:5qtpbMnKiVUudIhUzv156ctNbGDNrMIu2fsoPL3PM90=
github.com/oomph-ac/mv v0.0.0-20240501023914-e5bf19b4e95a h1:KGUCtxiPq/zjLp/juXxwra5ccriykvBI5w7llmwcWac=
github.com/oomph-ac/mv v0.0.0-20240501023914-e5bf19b4e95a/go.mod h1:U56u7nXsCIoNvP1zTjzT2uK3A+eBW+YxEKu8LQVs63c=
github.com/oomph-ac/mv v0.0.0-20240504200636-d703a343ec32 h1:4L2w0ufs/krMZ1FakoKoahMdqig9/2+n5eq1GlSmsAg=
github.com/oomph-ac/mv v0.0.0-20240504200636-d703a343ec32/go.mod h1:U56u7nXsCIoNvP1zTjzT2uK3A+eBW+YxEKu8LQVs63c=
github.com/oomph-ac/mv v0.0.0-20240504200952-7d5f7cbe7dd2 h1:rm8Pq/dMnYO1ed8PFKjslk++rFSx4vr/4qV8BflxGeM=
github.com/oomph-ac/mv v0.0.0-20240504200952-7d5f7cbe7dd2/go.mod h1:U56u7nXsCIoNvP1zTjzT2uK3A+eBW+YxEKu8LQVs63c=
github.com/oomph-ac/mv v0.0.0-20240504210425-ea74204eb584 h1:ePXqwyUp7HdWREUCg1TA+RX9m8u0NtQqPNqwvW0fSFU=
github.com/oomph-ac/mv v0.0.0-20240504210425-ea74204eb584/go.mod h1:U56u7nXsCIoNvP1zTjzT2uK3A+eBW+YxEKu8LQVs63c=
github.com/oomph-ac/mv v0.0.0-20240504215235-b1a0a3296538 h1:5RWYYd7FXUYYNaCytf4mRNsLIGMm4AoeAW0K6NFumW0=
github.com/oomph-ac/mv v0.0.0-20240504215235-b1a0a3296538/go.mod h1:U56u7nXsCIoNvP1zTjzT2uK3A+eBW+YxEKu8LQVs63c=
github.com/oomph-ac/mv v0.0.0-20240505011453-33a667ecc6d9 h1:BUznmwSEXOlF0N7r09GDh9dv/udCrH5ldsYNEFLbOkQ=
github.com/oomph-ac/mv v0.0.0-20240505011453-33a667ecc6d9/go.mod h1:U56u7nXsCIoNvP1zTjzT2uK3A+eBW+YxEKu8LQVs63c=
github.com/pelletier/go-toml v1.9.5 h1:4yBQzkHv+7BHq2PQUZF3Mx0IYxG7LsP222s7Agd3ve8=
github.com/pelletier/go-toml v1.9.5/go.mod h1:u1nR/EPcESfeI/szUZKdtJ0xRNbUoANCkoOuaOx1Y+c=
github.com/petermattis/goid v0.0.0-20180202154549-b0b1615b78e5/go.mod h1:jvVRKCrJTQWu0XVbaOlby/2lO20uSCHEMzzplHXte1o=
github.com/petermattis/goid v0.0.0-20231207134359-e60b3f734c67 h1:jik8PHtAIsPlCRJjJzl4udgEf7hawInF9texMeO2jrU=
github.com/petermattis/goid v0.0.0-20231207134359-e60b3f734c67/go.mod h1:pxMtw7cyUw6B2bRH0ZBANSPg+AoSud1I1iyJHI69jH4=
github.com/petermattis/goid v0.0.0-20240327183114-c42a807a84ba h1:3jPgmsFGBID1wFfU2AbYocNcN4wqU68UaHSdMjiw/7U=
github.com/petermattis/goid v0.0.0-20240327183114-c42a807a84ba/go.mod h1:pxMtw7cyUw6B2bRH0ZBANSPg+AoSud1I1iyJHI69jH4=
github.com/pingcap/errors v0.11.4 h1:lFuQV/oaUMGcD2tqt+01ROSmJs75VG1ToEOkZIZ4nE4=
github.com/pingcap/errors v0.11.4/go.mod h1:Oi8TUi2kEtXXLMJk9l1cGmz20kV3TaQ0usTwv5KuLY8=
github.com/pkg/errors v0.9.1 h1:FEBLx1zS214owpjy7qsBeixbURkuhQAwrK5UwLGTwt4=
github.com/pkg/errors v0.9.1/go.mod h1:bwawxfHBFNV+L2hUp1rHADufV3IMtnDRdf1r5NINEl0=
github.com/pmezard/go-difflib v1.0.0 h1:4DBwDE0NGyQoBHbLQYPwSUPoCMWR5BEzIk/f1lZbAQM=
github.com/pmezard/go-difflib v1.0.0/go.mod h1:iKH77koFhYxTK1pcRnkKkqfTogsbg7gZNVY4sRDYZ/4=
github.com/restartfu/dragonfly v0.0.0-20240314153757-f282190b3ff8 h1:Pmo0aRqHlqyKCSFBNoEYD/EY/Q367zZCqJw4hcHR5Wk=
github.com/restartfu/dragonfly v0.0.0-20240314153757-f282190b3ff8/go.mod h1:11IhZadCX+oe+wyAB7AoimbrUDBAC1gFCJ/9T5AjE60=
github.com/rogpeppe/go-internal v1.12.0 h1:exVL4IDcn6na9z1rAb56Vxr+CgyK3nn3O+epU5NdKM8=
github.com/rogpeppe/go-internal v1.12.0/go.mod h1:E+RYuTGaKKdloAfM02xzb0FW3Paa99yedzYV+kq4uf4=
github.com/rs/cors v1.7.0 h1:+88SsELBHx5r+hZ8TCkggzSstaWNbDvThkVK8H6f9ik=
github.com/rs/cors v1.7.0/go.mod h1:gFx+x8UowdsKA9AchylcLynDq+nNFfI8FkUZdN/jGCU=
github.com/sandertv/go-raknet v1.13.0 h1:Jkovqz4FrBP7PCIBBirBRoWm7mQKNP/UTYbOOyBK1TY=
github.com/sandertv/go-raknet v1.13.0/go.mod h1:E/DgMFQUMvWOvXwQRLEsTNOoYqzNubfcgzqL0nMoPso=
github.com/sandertv/gophertunnel v1.36.0 h1:VF2znM3FFUkPqOVnOeH0KgM5iI167AzSB2oqLxrn2F4=
github.com/sandertv/gophertunnel v1.36.0/go.mod h1:4El8ZfEpUmOMIJhPt5SCc1PyLNiuQ2+grWczrBvSGVs=
github.com/sandertv/gophertunnel v1.36.1 h1:Ak078sWePrvhh1U8ylP/92W1muIISkjbII2sHCLHajM=
github.com/sandertv/gophertunnel v1.36.1/go.mod h1:4El8ZfEpUmOMIJhPt5SCc1PyLNiuQ2+grWczrBvSGVs=
github.com/sandertv/gophertunnel v1.37.0 h1:yPzOp4W1GahLjtxldXa5K25saJK/XG7SiyEt6oMjm0I=
github.com/sandertv/gophertunnel v1.37.0/go.mod h1:4El8ZfEpUmOMIJhPt5SCc1PyLNiuQ2+grWczrBvSGVs=
github.com/sasha-s/go-csync v0.0.0-20240107134140-fcbab37b09ad h1:qIQkSlF5vAUHxEmTbaqt1hkJ/t6skqEGYiMag343ucI=
github.com/sasha-s/go-csync v0.0.0-20240107134140-fcbab37b09ad/go.mod h1:/pA7k3zsXKdjjAiUhB5CjuKib9KJGCaLvZwtxGC8U0s=
github.com/sasha-s/go-deadlock v0.3.1 h1:sqv7fDNShgjcaxkO0JNcOAlr8B9+cV5Ey/OB71efZx0=
github.com/sasha-s/go-deadlock v0.3.1/go.mod h1:F73l+cr82YSh10GxyRI6qZiCgK64VaZjwesgfQ1/iLM=
github.com/segmentio/fasthash v1.0.3 h1:EI9+KE1EwvMLBWwjpRDc+fEM+prwxDYbslddQGtrmhM=
github.com/segmentio/fasthash v1.0.3/go.mod h1:waKX8l2N8yckOgmSsXJi7x1ZfdKZ4x7KRMzBtS3oedY=
github.com/sirupsen/logrus v1.9.3 h1:dueUQJ1C2q9oE3F7wvmSGAaVtTmUizReu6fjN8uqzbQ=
github.com/sirupsen/logrus v1.9.3/go.mod h1:naHLuLoDiP4jHNo9R0sCBMtWGeIprob74mVsIT4qYEQ=
github.com/stretchr/objx v0.1.0/go.mod h1:HFkY916IF+rwdDfMAkV7OtwuqBVzrE8GR6GFx+wExME=
github.com/stretchr/testify v1.6.0/go.mod h1:6Fq8oRcR53rry900zMqJjRRixrwX3KX962/h/Wwjteg=
github.com/stretchr/testify v1.6.1/go.mod h1:6Fq8oRcR53rry900zMqJjRRixrwX3KX962/h/Wwjteg=
github.com/stretchr/testify v1.7.0/go.mod h1:6Fq8oRcR53rry900zMqJjRRixrwX3KX962/h/Wwjteg=
github.com/stretchr/testify v1.8.4 h1:CcVxjf3Q8PM0mHUKJCdn+eZZtm5yQwehR5yeSVQQcUk=
github.com/stretchr/testify v1.8.4/go.mod h1:sz/lmYIOXD/1dqDmKjjqLyZ2RngseejIcXlSw2iwfAo=
github.com/yuin/goldmark v1.4.13/go.mod h1:6yULJ656Px+3vBD8DxQVa3kxgyrAnzto9xy5taEt/CY=
go.uber.org/atomic v1.9.0 h1:ECmE8Bn/WFTYwEW/bpKD3M8VtR/zQVbavAoalC1PYyE=
go.uber.org/atomic v1.11.0 h1:ZvwS0R+56ePWxUNi+Atn9dWONBPp/AUETXlHW0DxSjE=
go.uber.org/atomic v1.11.0/go.mod h1:LUxbIzbOniOlMKjJjyPfpl4v+PKK2cNJn91OQbhoJI0=
golang.org/x/crypto v0.0.0-20190308221718-c2843e01d9a2/go.mod h1:djNgcEr1/C05ACkg1iLfiJU5Ep61QUkGW8qpdssI0+w=
golang.org/x/crypto v0.0.0-20190911031432-227b76d455e7/go.mod h1:yigFU9vqHzYiE8UmvKecakEJjdnWj3jj499lnFckfCI=
golang.org/x/crypto v0.0.0-20210921155107-089bfa567519/go.mod h1:GvvjBRRGRdwPK5ydBHafDWAxML/pGHZbMvKqRZ5+Abc=
golang.org/x/crypto v0.19.0 h1:ENy+Az/9Y1vSrlrvBSyna3PITt4tiZLf7sgCjZBX7Wo=
golang.org/x/crypto v0.19.0/go.mod h1:Iy9bg/ha4yyC70EfRS8jz+B6ybOBKMaSxLj6P6oBDfU=
golang.org/x/crypto v0.21.0 h1:X31++rzVUdKhX5sWmSOFZxx8UW/ldWx55cbf08iNAMA=
golang.org/x/crypto v0.21.0/go.mod h1:0BP7YvVV9gBbVKyeTG0Gyn+gZm94bibOW5BjDEYAOMs=
golang.org/x/crypto v0.22.0 h1:g1v0xeRhjcugydODzvb3mEM9SQ0HGp9s/nh3COQ/C30=
golang.org/x/crypto v0.22.0/go.mod h1:vr6Su+7cTlO45qkww3VDJlzDn0ctJvRgYbC2NvXHt+M=
golang.org/x/exp v0.0.0-20240205201215-2c58cdc269a3 h1:/RIbNt/Zr7rVhIkQhooTxCxFcdWLGIKnZA4IXNFSrvo=
golang.org/x/exp v0.0.0-20240205201215-2c58cdc269a3/go.mod h1:idGWGoKP1toJGkd5/ig9ZLuPcZBC3ewk7SzmH0uou08=
golang.org/x/exp v0.0.0-20240314144324-c7f7c6466f7f h1:3CW0unweImhOzd5FmYuRsD4Y4oQFKZIjAnKbjV4WIrw=
golang.org/x/exp v0.0.0-20240314144324-c7f7c6466f7f/go.mod h1:CxmFvTBINI24O/j8iY7H1xHzx2i4OsyguNBmN/uPtqc=
golang.org/x/exp v0.0.0-20240318143956-a85f2c67cd81 h1:6R2FC06FonbXQ8pK11/PDFY6N6LWlf9KlzibaCapmqc=
golang.org/x/exp v0.0.0-20240318143956-a85f2c67cd81/go.mod h1:CQ1k9gNrJ50XIzaKCRR2hssIjF07kZFEiieALBM/ARQ=
golang.org/x/exp v0.0.0-20240416160154-fe59bbe5cc7f h1:99ci1mjWVBWwJiEKYY6jWa4d2nTQVIEhZIptnrVb1XY=
golang.org/x/exp v0.0.0-20240416160154-fe59bbe5cc7f/go.mod h1:/lliqkxwWAhPjf5oSOIJup2XcqJaw8RGS6k3TGEc7GI=
golang.org/x/image v0.0.0-20190321063152-3fc05d484e9f/go.mod h1:kZ7UVZpmo3dzQBMxlp+ypCbDeSB+sBbTgSJuh5dn5js=
golang.org/x/image v0.15.0 h1:kOELfmgrmJlw4Cdb7g/QGuB3CvDrXbqEIww/pNtNBm8=
golang.org/x/image v0.15.0/go.mod h1:HUYqC05R2ZcZ3ejNQsIHQDQiwWM4JBqmm6MKANTp4LE=
golang.org/x/mod v0.6.0-dev.0.20220419223038-86c51ed26bb4/go.mod h1:jJ57K6gSWd91VN4djpZkiMVwK6gcyfeH4XE8wZrZaV4=
golang.org/x/mod v0.8.0/go.mod h1:iBbtSCu2XBx23ZKBPSOrRkjjQPZFPuis4dIYUhu/chs=
golang.org/x/net v0.0.0-20180906233101-161cd47e91fd/go.mod h1:mL1N/T3taQHkDXs73rZJwtUhF3w3ftmwwsq0BUmARs4=
golang.org/x/net v0.0.0-20190404232315-eb5bcb51f2a3/go.mod h1:t9HGtf8HONx5eT2rtn7q6eTqICYqUVnKs3thJo3Qplg=
golang.org/x/net v0.0.0-20190620200207-3b0461eec859/go.mod h1:z5CRVTTTmAJ677TzLLGU+0bjPO0LkuOLi4/5GtJWs/s=
golang.org/x/net v0.0.0-20210226172049-e18ecbb05110/go.mod h1:m0MpNAwzfU5UDzcl9v0D8zg8gWTRqZa9RBIspLL5mdg=
golang.org/x/net v0.0.0-20220722155237-a158d28d115b/go.mod h1:XRhObCWvk6IyKnWLug+ECip1KBveYUHfp+8e9klMJ9c=
golang.org/x/net v0.6.0/go.mod h1:2Tu9+aMcznHK/AK1HMvgo6xiTLG5rD5rZLDS+rp2Bjs=
golang.org/x/net v0.10.0/go.mod h1:0qNGK6F8kojg2nk9dLZ2mShWaEBan6FAoqfSigmmuDg=
golang.org/x/net v0.21.0 h1:AQyQV4dYCvJ7vGmJyKki9+PBdyvhkSd8EIx/qb0AYv4=
golang.org/x/net v0.21.0/go.mod h1:bIjVDfnllIU7BJ2DNgfnXvpSvtn8VRwhlsaeUTyUS44=
golang.org/x/net v0.22.0 h1:9sGLhx7iRIHEiX0oAJ3MRZMUCElJgy7Br1nO+AMN3Tc=
golang.org/x/net v0.22.0/go.mod h1:JKghWKKOSdJwpW2GEx0Ja7fmaKnMsbu+MWVZTokSYmg=
golang.org/x/net v0.24.0 h1:1PcaxkF854Fu3+lvBIx5SYn9wRlBzzcnHZSiaFFAb0w=
golang.org/x/net v0.24.0/go.mod h1:2Q7sJY5mzlzWjKtYUEXSlBWCdyaioyXzRB2RtU8KVE8=
golang.org/x/oauth2 v0.17.0 h1:6m3ZPmLEFdVxKKWnKq4VqZ60gutO35zm+zrAHVmHyDQ=
golang.org/x/oauth2 v0.17.0/go.mod h1:OzPDGQiuQMguemayvdylqddI7qcD9lnSDb+1FiwQ5HA=
golang.org/x/oauth2 v0.18.0 h1:09qnuIAgzdx1XplqJvW6CQqMCtGZykZWcXzPMPUusvI=
golang.org/x/oauth2 v0.18.0/go.mod h1:Wf7knwG0MPoWIMMBgFlEaSUDaKskp0dCfrlJRJXbBi8=
golang.org/x/oauth2 v0.19.0 h1:9+E/EZBCbTLNrbN35fHv/a/d/mOBatymz1zbtQrXpIg=
golang.org/x/oauth2 v0.19.0/go.mod h1:vYi7skDa1x015PmRRYZ7+s1cWyPgrPiSYRe4rnsexc8=
golang.org/x/oauth2 v0.20.0 h1:4mQdhULixXKP1rwYBW0vAijoXnkTG0BLCDRzfe1idMo=
golang.org/x/oauth2 v0.20.0/go.mod h1:XYTD2NtWslqkgxebSiOHnXEap4TF09sJSc7H1sXbhtI=
golang.org/x/sync v0.0.0-20180314180146-1d60e4601c6f/go.mod h1:RxMgew5VJxzue5/jJTE5uejpjVlOe/izrB70Jof72aM=
golang.org/x/sync v0.0.0-20190423024810-112230192c58/go.mod h1:RxMgew5VJxzue5/jJTE5uejpjVlOe/izrB70Jof72aM=
golang.org/x/sync v0.0.0-20220722155255-886fb9371eb4/go.mod h1:RxMgew5VJxzue5/jJTE5uejpjVlOe/izrB70Jof72aM=
golang.org/x/sync v0.1.0/go.mod h1:RxMgew5VJxzue5/jJTE5uejpjVlOe/izrB70Jof72aM=
golang.org/x/sys v0.0.0-20180909124046-d0be0721c37e/go.mod h1:STP8DvDyc/dI5b8T5hshtkjS+E42TnysNCUPdjciGhY=
golang.org/x/sys v0.0.0-20190215142949-d0b11bdaac8a/go.mod h1:STP8DvDyc/dI5b8T5hshtkjS+E42TnysNCUPdjciGhY=
golang.org/x/sys v0.0.0-20190412213103-97732733099d/go.mod h1:h1NjWce9XRLGQEsW7wpKNCjG9DtNlClVuFLEZdDNbEs=
golang.org/x/sys v0.0.0-20201119102817-f84b799fce68/go.mod h1:h1NjWce9XRLGQEsW7wpKNCjG9DtNlClVuFLEZdDNbEs=
golang.org/x/sys v0.0.0-20210615035016-665e8c7367d1/go.mod h1:oPkhp1MJrh7nUepCBck5+mAzfO9JrbApNNgaTdGDITg=
golang.org/x/sys v0.0.0-20220520151302-bc2c85ada10a/go.mod h1:oPkhp1MJrh7nUepCBck5+mAzfO9JrbApNNgaTdGDITg=
golang.org/x/sys v0.0.0-20220715151400-c0bba94af5f8/go.mod h1:oPkhp1MJrh7nUepCBck5+mAzfO9JrbApNNgaTdGDITg=
golang.org/x/sys v0.0.0-20220722155257-8c9f86f7a55f/go.mod h1:oPkhp1MJrh7nUepCBck5+mAzfO9JrbApNNgaTdGDITg=
golang.org/x/sys v0.5.0/go.mod h1:oPkhp1MJrh7nUepCBck5+mAzfO9JrbApNNgaTdGDITg=
golang.org/x/sys v0.8.0/go.mod h1:oPkhp1MJrh7nUepCBck5+mAzfO9JrbApNNgaTdGDITg=
golang.org/x/sys v0.17.0 h1:25cE3gD+tdBA7lp7QfhuV+rJiE9YXTcS3VG1SqssI/Y=
golang.org/x/sys v0.17.0/go.mod h1:/VUhepiaJMQUp4+oa/7Zr1D23ma6VTLIYjOOTFZPUcA=
golang.org/x/sys v0.18.0 h1:DBdB3niSjOA/O0blCZBqDefyWNYveAYMNF1Wum0DYQ4=
golang.org/x/sys v0.18.0/go.mod h1:/VUhepiaJMQUp4+oa/7Zr1D23ma6VTLIYjOOTFZPUcA=
golang.org/x/sys v0.19.0 h1:q5f1RH2jigJ1MoAWp2KTp3gm5zAGFUTarQZ5U386+4o=
golang.org/x/sys v0.19.0/go.mod h1:/VUhepiaJMQUp4+oa/7Zr1D23ma6VTLIYjOOTFZPUcA=
golang.org/x/sys v0.20.0 h1:Od9JTbYCk261bKm4M/mw7AklTlFYIa0bIp9BgSm1S8Y=
golang.org/x/sys v0.20.0/go.mod h1:/VUhepiaJMQUp4+oa/7Zr1D23ma6VTLIYjOOTFZPUcA=
golang.org/x/term v0.0.0-20201126162022-7de9c90e9dd1/go.mod h1:bj7SfCRtBDWHUb9snDiAeCFNEtKQo2Wmx5Cou7ajbmo=
golang.org/x/term v0.0.0-20210927222741-03fcf44c2211/go.mod h1:jbD1KX2456YbFQfuXm/mYQcufACuNUgVhRMnK/tPxf8=
golang.org/x/term v0.5.0/go.mod h1:jMB1sMXY+tzblOD4FWmEbocvup2/aLOaQEp7JmGp78k=
golang.org/x/term v0.8.0/go.mod h1:xPskH00ivmX89bAKVGSKKtLOWNx2+17Eiy94tnKShWo=
golang.org/x/term v0.17.0/go.mod h1:lLRBjIVuehSbZlaOtGMbcMncT+aqLLLmKrsjNrUguwk=
golang.org/x/text v0.3.0/go.mod h1:NqM8EUOU14njkJ3fqMW+pc6Ldnwhi/IjpwHt7yyuwOQ=
golang.org/x/text v0.3.3/go.mod h1:5Zoc/QRtKVWzQhOtBMvqHzDpF6irO9z98xDceosuGiQ=
golang.org/x/text v0.3.7/go.mod h1:u+2+/6zg+i71rQMx5EYifcz6MCKuco9NR6JIITiCfzQ=
golang.org/x/text v0.3.8/go.mod h1:E6s5w1FMmriuDzIBO73fBruAKo1PCIq6d2Q6DHfQ8WQ=
golang.org/x/text v0.7.0/go.mod h1:mrYo+phRRbMaCq/xk9113O4dZlRixOauAjOtrjsXDZ8=
golang.org/x/text v0.9.0/go.mod h1:e1OnstbJyHTd6l/uOt8jFFHp6TRDWZR/bV3emEE/zU8=
golang.org/x/text v0.14.0 h1:ScX5w1eTa3QqT8oi6+ziP7dTV1S2+ALU0bI+0zXKWiQ=
golang.org/x/text v0.14.0/go.mod h1:18ZOQIKpY8NJVqYksKHtTdi31H5itFRjB5/qKTNYzSU=
golang.org/x/text v0.15.0 h1:h1V/4gjBv8v9cjcR6+AR5+/cIYK5N/WAgiv4xlsEtAk=
golang.org/x/text v0.15.0/go.mod h1:18ZOQIKpY8NJVqYksKHtTdi31H5itFRjB5/qKTNYzSU=
golang.org/x/tools v0.0.0-20180917221912-90fa682c2a6e/go.mod h1:n7NCudcB/nEzxVGmLbDWY5pfWTLqBcC2KZ6jyYvM4mQ=
golang.org/x/tools v0.0.0-20191119224855-298f0cb1881e/go.mod h1:b+2E5dAYhXwXZwtnZ6UAqBI28+e2cm9otk0dWdXHAEo=
golang.org/x/tools v0.1.12/go.mod h1:hNGJHUnrk76NpqgfD5Aqm5Crs+Hm0VOH/i9J2+nxYbc=
golang.org/x/tools v0.6.0/go.mod h1:Xwgl3UAJ/d3gWutnCtw505GrjyAbvKui8lOU390QaIU=
golang.org/x/xerrors v0.0.0-20190717185122-a985d3407aa7/go.mod h1:I/5z698sn9Ka8TeJc9MKroUUfqBBauWjQqLJ2OPfmY0=
golang.org/x/xerrors v0.0.0-20191204190536-9bdfabe68543/go.mod h1:I/5z698sn9Ka8TeJc9MKroUUfqBBauWjQqLJ2OPfmY0=
google.golang.org/appengine v1.6.8 h1:IhEN5q69dyKagZPYMSdIjS2HqprW324FRQZJcGqPAsM=
google.golang.org/appengine v1.6.8/go.mod h1:1jJ3jBArFh5pcgW8gCtRJnepW8FzD1V44FJffLiz/Ds=
google.golang.org/protobuf v1.26.0-rc.1/go.mod h1:jlhhOSvTdKEhbULTjvd4ARK9grFBp09yW+WbY/TyQbw=
google.golang.org/protobuf v1.26.0/go.mod h1:9q0QmTI4eRPtz6boOQmLYwt+qCgq0jsYwAQnmE0givc=
google.golang.org/protobuf v1.32.0 h1:pPC6BG5ex8PDFnkbrGU3EixyhKcQ2aDuBS36lqK/C7I=
google.golang.org/protobuf v1.32.0/go.mod h1:c6P6GXX6sHbq/GpV6MGZEdwhWPcYBgnhAHhKbcUYpos=
google.golang.org/protobuf v1.33.0 h1:uNO2rsAINq/JlFpSdYEKIZ0uKD/R9cpdv0T+yoGwGmI=
google.golang.org/protobuf v1.33.0/go.mod h1:c6P6GXX6sHbq/GpV6MGZEdwhWPcYBgnhAHhKbcUYpos=
gopkg.in/check.v1 v0.0.0-20161208181325-20d25e280405/go.mod h1:Co6ibVJAznAaIkqp8huTwlJQCZ016jof/cbN4VW5Yz0=
gopkg.in/check.v1 v1.0.0-20180628173108-788fd7840127/go.mod h1:Co6ibVJAznAaIkqp8huTwlJQCZ016jof/cbN4VW5Yz0=
gopkg.in/fsnotify.v1 v1.4.7 h1:xOHLXZwVvI9hhs+cLKq5+I5onOuwQLhQwiu63xxlHs4=
gopkg.in/fsnotify.v1 v1.4.7/go.mod h1:Tz8NjZHkW78fSQdbUxIjBTcgA1z1m8ZHf0WmKUhAMys=
gopkg.in/tomb.v1 v1.0.0-20141024135613-dd632973f1e7 h1:uRGJdciOHaEIrze2W8Q3AKkepLTh2hOroT7a+7czfdQ=
gopkg.in/tomb.v1 v1.0.0-20141024135613-dd632973f1e7/go.mod h1:dt/ZhP58zS4L8KSrWDmTeBkI65Dw0HsyUHuEVlX15mw=
gopkg.in/yaml.v2 v2.2.1/go.mod h1:hI93XBmqTisBFMUTm0b8Fm+jr3Dg1NNxqwp+5A1VGuI=
gopkg.in/yaml.v2 v2.4.0 h1:D8xgwECY7CYvx+Y2n4sBz93Jn9JRvxdiyyo8CTfuKaY=
gopkg.in/yaml.v2 v2.4.0/go.mod h1:RDklbk79AGWmwhnvt/jBztapEOGDOx6ZbXqjP6csGnQ=
gopkg.in/yaml.v3 v3.0.0-20200313102051-9f266ea9e77c/go.mod h1:K4uyk7z7BCEPqu6E+C64Yfv1cQ7kz7rIZviUmN+EgEM=
gopkg.in/yaml.v3 v3.0.1 h1:fxVm/GzAzEWqLHuvctI91KS9hhNmmWOoWu0XTYJS7CA=
gopkg.in/yaml.v3 v3.0.1/go.mod h1:K4uyk7z7BCEPqu6E+C64Yfv1cQ7kz7rIZviUmN+EgEM=
